// !$*UTF8*$!
{
	archiveVersion = 1;
	classes = {
	};
	objectVersion = 55;
	objects = {

/* Begin PBXBuildFile section */
		5E0D7FF42868A09C00B7BC70 /* Date.swift in Sources */ = {isa = PBXBuildFile; fileRef = 5E0D7FF32868A09C00B7BC70 /* Date.swift */; };
		5E0D7FF62868A14C00B7BC70 /* DateFormatter.swift in Sources */ = {isa = PBXBuildFile; fileRef = 5E0D7FF52868A14C00B7BC70 /* DateFormatter.swift */; };
		5E0D7FF92869C44D00B7BC70 /* CurrentWeather.swift in Sources */ = {isa = PBXBuildFile; fileRef = 5E0D7FF82869C44D00B7BC70 /* CurrentWeather.swift */; };
		5E0E7E572861D9C000C8F82A /* DaysTableViewCell.swift in Sources */ = {isa = PBXBuildFile; fileRef = 5E0E7E552861D9C000C8F82A /* DaysTableViewCell.swift */; };
		5E0E7E582861D9C000C8F82A /* DaysTableViewCell.xib in Resources */ = {isa = PBXBuildFile; fileRef = 5E0E7E562861D9C000C8F82A /* DaysTableViewCell.xib */; };
		5E3F5AEE2861FA8D00C1EEBD /* ForecastCollectionViewCell.swift in Sources */ = {isa = PBXBuildFile; fileRef = 5E3F5AEC2861FA8D00C1EEBD /* ForecastCollectionViewCell.swift */; };
		5E3F5AEF2861FA8D00C1EEBD /* ForecastCollectionViewCell.xib in Resources */ = {isa = PBXBuildFile; fileRef = 5E3F5AED2861FA8D00C1EEBD /* ForecastCollectionViewCell.xib */; };
		5E3F5AF42862421E00C1EEBD /* WeatherData.swift in Sources */ = {isa = PBXBuildFile; fileRef = 5E3F5AF32862421E00C1EEBD /* WeatherData.swift */; };
		5E7BB67F2864E745006BDCD6 /* WeatherManager.swift in Sources */ = {isa = PBXBuildFile; fileRef = 5E7BB67E2864E745006BDCD6 /* WeatherManager.swift */; };
		5EE2463628575CAF001ACB21 /* AppDelegate.swift in Sources */ = {isa = PBXBuildFile; fileRef = 5EE2463528575CAF001ACB21 /* AppDelegate.swift */; };
		5EE2463828575CAF001ACB21 /* SceneDelegate.swift in Sources */ = {isa = PBXBuildFile; fileRef = 5EE2463728575CAF001ACB21 /* SceneDelegate.swift */; };
		5EE2463A28575CAF001ACB21 /* WeatherViewController.swift in Sources */ = {isa = PBXBuildFile; fileRef = 5EE2463928575CAF001ACB21 /* WeatherViewController.swift */; };
		5EE2463D28575CAF001ACB21 /* Main.storyboard in Resources */ = {isa = PBXBuildFile; fileRef = 5EE2463B28575CAF001ACB21 /* Main.storyboard */; };
		5EE2463F28575CB1001ACB21 /* Assets.xcassets in Resources */ = {isa = PBXBuildFile; fileRef = 5EE2463E28575CB1001ACB21 /* Assets.xcassets */; };
		5EE2464228575CB1001ACB21 /* LaunchScreen.storyboard in Resources */ = {isa = PBXBuildFile; fileRef = 5EE2464028575CB1001ACB21 /* LaunchScreen.storyboard */; };
/* End PBXBuildFile section */

/* Begin PBXFileReference section */
		5E0D7FF32868A09C00B7BC70 /* Date.swift */ = {isa = PBXFileReference; lastKnownFileType = sourcecode.swift; path = Date.swift; sourceTree = "<group>"; };
		5E0D7FF52868A14C00B7BC70 /* DateFormatter.swift */ = {isa = PBXFileReference; lastKnownFileType = sourcecode.swift; path = DateFormatter.swift; sourceTree = "<group>"; };
		5E0D7FF82869C44D00B7BC70 /* CurrentWeather.swift */ = {isa = PBXFileReference; lastKnownFileType = sourcecode.swift; path = CurrentWeather.swift; sourceTree = "<group>"; };
		5E0E7E552861D9C000C8F82A /* DaysTableViewCell.swift */ = {isa = PBXFileReference; lastKnownFileType = sourcecode.swift; path = DaysTableViewCell.swift; sourceTree = "<group>"; };
		5E0E7E562861D9C000C8F82A /* DaysTableViewCell.xib */ = {isa = PBXFileReference; lastKnownFileType = file.xib; path = DaysTableViewCell.xib; sourceTree = "<group>"; };
		5E3F5AEC2861FA8D00C1EEBD /* ForecastCollectionViewCell.swift */ = {isa = PBXFileReference; lastKnownFileType = sourcecode.swift; path = ForecastCollectionViewCell.swift; sourceTree = "<group>"; };
		5E3F5AED2861FA8D00C1EEBD /* ForecastCollectionViewCell.xib */ = {isa = PBXFileReference; lastKnownFileType = file.xib; path = ForecastCollectionViewCell.xib; sourceTree = "<group>"; };
		5E3F5AF32862421E00C1EEBD /* WeatherData.swift */ = {isa = PBXFileReference; lastKnownFileType = sourcecode.swift; path = WeatherData.swift; sourceTree = "<group>"; };
		5E7BB67E2864E745006BDCD6 /* WeatherManager.swift */ = {isa = PBXFileReference; lastKnownFileType = sourcecode.swift; path = WeatherManager.swift; sourceTree = "<group>"; };
		5EE2463228575CAF001ACB21 /* WeatherApp.app */ = {isa = PBXFileReference; explicitFileType = wrapper.application; includeInIndex = 0; path = WeatherApp.app; sourceTree = BUILT_PRODUCTS_DIR; };
		5EE2463528575CAF001ACB21 /* AppDelegate.swift */ = {isa = PBXFileReference; lastKnownFileType = sourcecode.swift; path = AppDelegate.swift; sourceTree = "<group>"; };
		5EE2463728575CAF001ACB21 /* SceneDelegate.swift */ = {isa = PBXFileReference; lastKnownFileType = sourcecode.swift; path = SceneDelegate.swift; sourceTree = "<group>"; };
		5EE2463928575CAF001ACB21 /* WeatherViewController.swift */ = {isa = PBXFileReference; lastKnownFileType = sourcecode.swift; path = WeatherViewController.swift; sourceTree = "<group>"; };
		5EE2463C28575CAF001ACB21 /* Base */ = {isa = PBXFileReference; lastKnownFileType = file.storyboard; name = Base; path = Base.lproj/Main.storyboard; sourceTree = "<group>"; };
		5EE2463E28575CB1001ACB21 /* Assets.xcassets */ = {isa = PBXFileReference; lastKnownFileType = folder.assetcatalog; path = Assets.xcassets; sourceTree = "<group>"; };
		5EE2464128575CB1001ACB21 /* Base */ = {isa = PBXFileReference; lastKnownFileType = file.storyboard; name = Base; path = Base.lproj/LaunchScreen.storyboard; sourceTree = "<group>"; };
		5EE2464328575CB1001ACB21 /* Info.plist */ = {isa = PBXFileReference; lastKnownFileType = text.plist.xml; path = Info.plist; sourceTree = "<group>"; };
/* End PBXFileReference section */

/* Begin PBXFrameworksBuildPhase section */
		5EE2462F28575CAF001ACB21 /* Frameworks */ = {
			isa = PBXFrameworksBuildPhase;
			buildActionMask = 2147483647;
			files = (
			);
			runOnlyForDeploymentPostprocessing = 0;
		};
/* End PBXFrameworksBuildPhase section */

/* Begin PBXGroup section */
		5E0D7FF72868A59900B7BC70 /* Extensions */ = {
			isa = PBXGroup;
			children = (
				5E0D7FF32868A09C00B7BC70 /* Date.swift */,
				5E0D7FF52868A14C00B7BC70 /* DateFormatter.swift */,
			);
			path = Extensions;
			sourceTree = "<group>";
		};
		5E0E7E53285F3C0000C8F82A /* View */ = {
			isa = PBXGroup;
			children = (
				5EE2463B28575CAF001ACB21 /* Main.storyboard */,
			);
			path = View;
			sourceTree = "<group>";
		};
		5E0E7E54285F3C1500C8F82A /* Model */ = {
			isa = PBXGroup;
			children = (
				5E3F5AF32862421E00C1EEBD /* WeatherData.swift */,
				5E7BB67E2864E745006BDCD6 /* WeatherManager.swift */,
				5E0D7FF82869C44D00B7BC70 /* CurrentWeather.swift */,
			);
			path = Model;
			sourceTree = "<group>";
		};
		5E0E7E5F2861F6A000C8F82A /* Controllers */ = {
			isa = PBXGroup;
			children = (
				5EE2463928575CAF001ACB21 /* WeatherViewController.swift */,
				5E3F5AEB2861FA6800C1EEBD /* ForecastCollectionViewCell */,
				5E3F5AEA2861FA1100C1EEBD /* DaysTableViewCell */,
			);
			path = Controllers;
			sourceTree = "<group>";
		};
		5E3F5AEA2861FA1100C1EEBD /* DaysTableViewCell */ = {
			isa = PBXGroup;
			children = (
				5E0E7E552861D9C000C8F82A /* DaysTableViewCell.swift */,
				5E0E7E562861D9C000C8F82A /* DaysTableViewCell.xib */,
			);
			path = DaysTableViewCell;
			sourceTree = "<group>";
		};
		5E3F5AEB2861FA6800C1EEBD /* ForecastCollectionViewCell */ = {
			isa = PBXGroup;
			children = (
				5E3F5AEC2861FA8D00C1EEBD /* ForecastCollectionViewCell.swift */,
				5E3F5AED2861FA8D00C1EEBD /* ForecastCollectionViewCell.xib */,
			);
			path = ForecastCollectionViewCell;
			sourceTree = "<group>";
		};
		5E3F5AF22862308200C1EEBD /* Default Classes */ = {
			isa = PBXGroup;
			children = (
				5EE2463528575CAF001ACB21 /* AppDelegate.swift */,
				5EE2463728575CAF001ACB21 /* SceneDelegate.swift */,
			);
			path = "Default Classes";
			sourceTree = "<group>";
		};
		5EE2462928575CAF001ACB21 = {
			isa = PBXGroup;
			children = (
				5EE2463428575CAF001ACB21 /* WeatherApp */,
				5EE2463328575CAF001ACB21 /* Products */,
			);
			sourceTree = "<group>";
		};
		5EE2463328575CAF001ACB21 /* Products */ = {
			isa = PBXGroup;
			children = (
				5EE2463228575CAF001ACB21 /* WeatherApp.app */,
			);
			name = Products;
			sourceTree = "<group>";
		};
		5EE2463428575CAF001ACB21 /* WeatherApp */ = {
			isa = PBXGroup;
			children = (
				5E0D7FF72868A59900B7BC70 /* Extensions */,
				5E3F5AF22862308200C1EEBD /* Default Classes */,
				5E0E7E54285F3C1500C8F82A /* Model */,
				5E0E7E53285F3C0000C8F82A /* View */,
				5E0E7E5F2861F6A000C8F82A /* Controllers */,
				5EE2463E28575CB1001ACB21 /* Assets.xcassets */,
				5EE2464028575CB1001ACB21 /* LaunchScreen.storyboard */,
				5EE2464328575CB1001ACB21 /* Info.plist */,
			);
			path = WeatherApp;
			sourceTree = "<group>";
		};
/* End PBXGroup section */

/* Begin PBXNativeTarget section */
		5EE2463128575CAF001ACB21 /* WeatherApp */ = {
			isa = PBXNativeTarget;
			buildConfigurationList = 5EE2464628575CB1001ACB21 /* Build configuration list for PBXNativeTarget "WeatherApp" */;
			buildPhases = (
				5EE2462E28575CAF001ACB21 /* Sources */,
				5EE2462F28575CAF001ACB21 /* Frameworks */,
				5EE2463028575CAF001ACB21 /* Resources */,
			);
			buildRules = (
			);
			dependencies = (
			);
			name = WeatherApp;
			productName = WeatherApp;
			productReference = 5EE2463228575CAF001ACB21 /* WeatherApp.app */;
			productType = "com.apple.product-type.application";
		};
/* End PBXNativeTarget section */

/* Begin PBXProject section */
		5EE2462A28575CAF001ACB21 /* Project object */ = {
			isa = PBXProject;
			attributes = {
				BuildIndependentTargetsInParallel = 1;
				LastSwiftUpdateCheck = 1340;
				LastUpgradeCheck = 1340;
				TargetAttributes = {
					5EE2463128575CAF001ACB21 = {
						CreatedOnToolsVersion = 13.4.1;
					};
				};
			};
			buildConfigurationList = 5EE2462D28575CAF001ACB21 /* Build configuration list for PBXProject "WeatherApp" */;
			compatibilityVersion = "Xcode 13.0";
			developmentRegion = en;
			hasScannedForEncodings = 0;
			knownRegions = (
				en,
				Base,
			);
			mainGroup = 5EE2462928575CAF001ACB21;
			productRefGroup = 5EE2463328575CAF001ACB21 /* Products */;
			projectDirPath = "";
			projectRoot = "";
			targets = (
				5EE2463128575CAF001ACB21 /* WeatherApp */,
			);
		};
/* End PBXProject section */

/* Begin PBXResourcesBuildPhase section */
		5EE2463028575CAF001ACB21 /* Resources */ = {
			isa = PBXResourcesBuildPhase;
			buildActionMask = 2147483647;
			files = (
				5EE2464228575CB1001ACB21 /* LaunchScreen.storyboard in Resources */,
				5E0E7E582861D9C000C8F82A /* DaysTableViewCell.xib in Resources */,
				5EE2463F28575CB1001ACB21 /* Assets.xcassets in Resources */,
				5E3F5AEF2861FA8D00C1EEBD /* ForecastCollectionViewCell.xib in Resources */,
				5EE2463D28575CAF001ACB21 /* Main.storyboard in Resources */,
			);
			runOnlyForDeploymentPostprocessing = 0;
		};
/* End PBXResourcesBuildPhase section */

/* Begin PBXSourcesBuildPhase section */
		5EE2462E28575CAF001ACB21 /* Sources */ = {
			isa = PBXSourcesBuildPhase;
			buildActionMask = 2147483647;
			files = (
				5E0D7FF62868A14C00B7BC70 /* DateFormatter.swift in Sources */,
				5EE2463A28575CAF001ACB21 /* WeatherViewController.swift in Sources */,
				5E0E7E572861D9C000C8F82A /* DaysTableViewCell.swift in Sources */,
				5E3F5AF42862421E00C1EEBD /* WeatherData.swift in Sources */,
				5E0D7FF42868A09C00B7BC70 /* Date.swift in Sources */,
				5E7BB67F2864E745006BDCD6 /* WeatherManager.swift in Sources */,
				5E0D7FF92869C44D00B7BC70 /* CurrentWeather.swift in Sources */,
				5EE2463628575CAF001ACB21 /* AppDelegate.swift in Sources */,
				5E3F5AEE2861FA8D00C1EEBD /* ForecastCollectionViewCell.swift in Sources */,
				5EE2463828575CAF001ACB21 /* SceneDelegate.swift in Sources */,
			);
			runOnlyForDeploymentPostprocessing = 0;
		};
/* End PBXSourcesBuildPhase section */

/* Begin PBXVariantGroup section */
		5EE2463B28575CAF001ACB21 /* Main.storyboard */ = {
			isa = PBXVariantGroup;
			children = (
				5EE2463C28575CAF001ACB21 /* Base */,
			);
			name = Main.storyboard;
			sourceTree = "<group>";
		};
		5EE2464028575CB1001ACB21 /* LaunchScreen.storyboard */ = {
			isa = PBXVariantGroup;
			children = (
				5EE2464128575CB1001ACB21 /* Base */,
			);
			name = LaunchScreen.storyboard;
			sourceTree = "<group>";
		};
/* End PBXVariantGroup section */

/* Begin XCBuildConfiguration section */
		5EE2464428575CB1001ACB21 /* Debug */ = {
			isa = XCBuildConfiguration;
			buildSettings = {
				ALWAYS_SEARCH_USER_PATHS = NO;
				CLANG_ANALYZER_NONNULL = YES;
				CLANG_ANALYZER_NUMBER_OBJECT_CONVERSION = YES_AGGRESSIVE;
				CLANG_CXX_LANGUAGE_STANDARD = "gnu++17";
				CLANG_ENABLE_MODULES = YES;
				CLANG_ENABLE_OBJC_ARC = YES;
				CLANG_ENABLE_OBJC_WEAK = YES;
				CLANG_WARN_BLOCK_CAPTURE_AUTORELEASING = YES;
				CLANG_WARN_BOOL_CONVERSION = YES;
				CLANG_WARN_COMMA = YES;
				CLANG_WARN_CONSTANT_CONVERSION = YES;
				CLANG_WARN_DEPRECATED_OBJC_IMPLEMENTATIONS = YES;
				CLANG_WARN_DIRECT_OBJC_ISA_USAGE = YES_ERROR;
				CLANG_WARN_DOCUMENTATION_COMMENTS = YES;
				CLANG_WARN_EMPTY_BODY = YES;
				CLANG_WARN_ENUM_CONVERSION = YES;
				CLANG_WARN_INFINITE_RECURSION = YES;
				CLANG_WARN_INT_CONVERSION = YES;
				CLANG_WARN_NON_LITERAL_NULL_CONVERSION = YES;
				CLANG_WARN_OBJC_IMPLICIT_RETAIN_SELF = YES;
				CLANG_WARN_OBJC_LITERAL_CONVERSION = YES;
				CLANG_WARN_OBJC_ROOT_CLASS = YES_ERROR;
				CLANG_WARN_QUOTED_INCLUDE_IN_FRAMEWORK_HEADER = YES;
				CLANG_WARN_RANGE_LOOP_ANALYSIS = YES;
				CLANG_WARN_STRICT_PROTOTYPES = YES;
				CLANG_WARN_SUSPICIOUS_MOVE = YES;
				CLANG_WARN_UNGUARDED_AVAILABILITY = YES_AGGRESSIVE;
				CLANG_WARN_UNREACHABLE_CODE = YES;
				CLANG_WARN__DUPLICATE_METHOD_MATCH = YES;
				COPY_PHASE_STRIP = NO;
				DEBUG_INFORMATION_FORMAT = dwarf;
				ENABLE_STRICT_OBJC_MSGSEND = YES;
				ENABLE_TESTABILITY = YES;
				GCC_C_LANGUAGE_STANDARD = gnu11;
				GCC_DYNAMIC_NO_PIC = NO;
				GCC_NO_COMMON_BLOCKS = YES;
				GCC_OPTIMIZATION_LEVEL = 0;
				GCC_PREPROCESSOR_DEFINITIONS = (
					"DEBUG=1",
					"$(inherited)",
				);
				GCC_WARN_64_TO_32_BIT_CONVERSION = YES;
				GCC_WARN_ABOUT_RETURN_TYPE = YES_ERROR;
				GCC_WARN_UNDECLARED_SELECTOR = YES;
				GCC_WARN_UNINITIALIZED_AUTOS = YES_AGGRESSIVE;
				GCC_WARN_UNUSED_FUNCTION = YES;
				GCC_WARN_UNUSED_VARIABLE = YES;
				IPHONEOS_DEPLOYMENT_TARGET = 15.5;
				MTL_ENABLE_DEBUG_INFO = INCLUDE_SOURCE;
				MTL_FAST_MATH = YES;
				ONLY_ACTIVE_ARCH = YES;
				SDKROOT = iphoneos;
				SWIFT_ACTIVE_COMPILATION_CONDITIONS = DEBUG;
				SWIFT_OPTIMIZATION_LEVEL = "-Onone";
			};
			name = Debug;
		};
		5EE2464528575CB1001ACB21 /* Release */ = {
			isa = XCBuildConfiguration;
			buildSettings = {
				ALWAYS_SEARCH_USER_PATHS = NO;
				CLANG_ANALYZER_NONNULL = YES;
				CLANG_ANALYZER_NUMBER_OBJECT_CONVERSION = YES_AGGRESSIVE;
				CLANG_CXX_LANGUAGE_STANDARD = "gnu++17";
				CLANG_ENABLE_MODULES = YES;
				CLANG_ENABLE_OBJC_ARC = YES;
				CLANG_ENABLE_OBJC_WEAK = YES;
				CLANG_WARN_BLOCK_CAPTURE_AUTORELEASING = YES;
				CLANG_WARN_BOOL_CONVERSION = YES;
				CLANG_WARN_COMMA = YES;
				CLANG_WARN_CONSTANT_CONVERSION = YES;
				CLANG_WARN_DEPRECATED_OBJC_IMPLEMENTATIONS = YES;
				CLANG_WARN_DIRECT_OBJC_ISA_USAGE = YES_ERROR;
				CLANG_WARN_DOCUMENTATION_COMMENTS = YES;
				CLANG_WARN_EMPTY_BODY = YES;
				CLANG_WARN_ENUM_CONVERSION = YES;
				CLANG_WARN_INFINITE_RECURSION = YES;
				CLANG_WARN_INT_CONVERSION = YES;
				CLANG_WARN_NON_LITERAL_NULL_CONVERSION = YES;
				CLANG_WARN_OBJC_IMPLICIT_RETAIN_SELF = YES;
				CLANG_WARN_OBJC_LITERAL_CONVERSION = YES;
				CLANG_WARN_OBJC_ROOT_CLASS = YES_ERROR;
				CLANG_WARN_QUOTED_INCLUDE_IN_FRAMEWORK_HEADER = YES;
				CLANG_WARN_RANGE_LOOP_ANALYSIS = YES;
				CLANG_WARN_STRICT_PROTOTYPES = YES;
				CLANG_WARN_SUSPICIOUS_MOVE = YES;
				CLANG_WARN_UNGUARDED_AVAILABILITY = YES_AGGRESSIVE;
				CLANG_WARN_UNREACHABLE_CODE = YES;
				CLANG_WARN__DUPLICATE_METHOD_MATCH = YES;
				COPY_PHASE_STRIP = NO;
				DEBUG_INFORMATION_FORMAT = "dwarf-with-dsym";
				ENABLE_NS_ASSERTIONS = NO;
				ENABLE_STRICT_OBJC_MSGSEND = YES;
				GCC_C_LANGUAGE_STANDARD = gnu11;
				GCC_NO_COMMON_BLOCKS = YES;
				GCC_WARN_64_TO_32_BIT_CONVERSION = YES;
				GCC_WARN_ABOUT_RETURN_TYPE = YES_ERROR;
				GCC_WARN_UNDECLARED_SELECTOR = YES;
				GCC_WARN_UNINITIALIZED_AUTOS = YES_AGGRESSIVE;
				GCC_WARN_UNUSED_FUNCTION = YES;
				GCC_WARN_UNUSED_VARIABLE = YES;
				IPHONEOS_DEPLOYMENT_TARGET = 15.5;
				MTL_ENABLE_DEBUG_INFO = NO;
				MTL_FAST_MATH = YES;
				SDKROOT = iphoneos;
				SWIFT_COMPILATION_MODE = wholemodule;
				SWIFT_OPTIMIZATION_LEVEL = "-O";
				VALIDATE_PRODUCT = YES;
			};
			name = Release;
		};
		5EE2464728575CB1001ACB21 /* Debug */ = {
			isa = XCBuildConfiguration;
			buildSettings = {
				ASSETCATALOG_COMPILER_APPICON_NAME = AppIcon;
				ASSETCATALOG_COMPILER_GLOBAL_ACCENT_COLOR_NAME = AccentColor;
				CODE_SIGN_STYLE = Automatic;
				CURRENT_PROJECT_VERSION = 1;
				DEVELOPMENT_TEAM = BCFL245T3H;
				GENERATE_INFOPLIST_FILE = YES;
				INFOPLIST_FILE = WeatherApp/Info.plist;
				INFOPLIST_KEY_UIApplicationSupportsIndirectInputEvents = YES;
				INFOPLIST_KEY_UILaunchStoryboardName = LaunchScreen;
				INFOPLIST_KEY_UIMainStoryboardFile = Main;
				INFOPLIST_KEY_UISupportedInterfaceOrientations = UIInterfaceOrientationPortrait;
				INFOPLIST_KEY_UISupportedInterfaceOrientations_iPad = "UIInterfaceOrientationPortrait UIInterfaceOrientationPortraitUpsideDown UIInterfaceOrientationLandscapeLeft UIInterfaceOrientationLandscapeRight";
				INFOPLIST_KEY_UISupportedInterfaceOrientations_iPhone = "UIInterfaceOrientationPortrait UIInterfaceOrientationLandscapeLeft UIInterfaceOrientationLandscapeRight";
				IPHONEOS_DEPLOYMENT_TARGET = 13.0;
				LD_RUNPATH_SEARCH_PATHS = (
					"$(inherited)",
					"@executable_path/Frameworks",
				);
				MARKETING_VERSION = 1.0;
				PRODUCT_BUNDLE_IDENTIFIER = by.Lapteva.WeatherApp;
				PRODUCT_NAME = "$(TARGET_NAME)";
				SWIFT_EMIT_LOC_STRINGS = YES;
				SWIFT_VERSION = 5.0;
				TARGETED_DEVICE_FAMILY = "1,2";
			};
			name = Debug;
		};
		5EE2464828575CB1001ACB21 /* Release */ = {
			isa = XCBuildConfiguration;
			buildSettings = {
				ASSETCATALOG_COMPILER_APPICON_NAME = AppIcon;
				ASSETCATALOG_COMPILER_GLOBAL_ACCENT_COLOR_NAME = AccentColor;
				CODE_SIGN_STYLE = Automatic;
				CURRENT_PROJECT_VERSION = 1;
				DEVELOPMENT_TEAM = BCFL245T3H;
				GENERATE_INFOPLIST_FILE = YES;
				INFOPLIST_FILE = WeatherApp/Info.plist;
				INFOPLIST_KEY_UIApplicationSupportsIndirectInputEvents = YES;
				INFOPLIST_KEY_UILaunchStoryboardName = LaunchScreen;
				INFOPLIST_KEY_UIMainStoryboardFile = Main;
				INFOPLIST_KEY_UISupportedInterfaceOrientations = UIInterfaceOrientationPortrait;
				INFOPLIST_KEY_UISupportedInterfaceOrientations_iPad = "UIInterfaceOrientationPortrait UIInterfaceOrientationPortraitUpsideDown UIInterfaceOrientationLandscapeLeft UIInterfaceOrientationLandscapeRight";
				INFOPLIST_KEY_UISupportedInterfaceOrientations_iPhone = "UIInterfaceOrientationPortrait UIInterfaceOrientationLandscapeLeft UIInterfaceOrientationLandscapeRight";
				IPHONEOS_DEPLOYMENT_TARGET = 13.0;
				LD_RUNPATH_SEARCH_PATHS = (
					"$(inherited)",
					"@executable_path/Frameworks",
				);
				MARKETING_VERSION = 1.0;
				PRODUCT_BUNDLE_IDENTIFIER = by.Lapteva.WeatherApp;
				PRODUCT_NAME = "$(TARGET_NAME)";
				SWIFT_EMIT_LOC_STRINGS = YES;
				SWIFT_VERSION = 5.0;
				TARGETED_DEVICE_FAMILY = "1,2";
			};
			name = Release;
		};
/* End XCBuildConfiguration section */

/* Begin XCConfigurationList section */
		5EE2462D28575CAF001ACB21 /* Build configuration list for PBXProject "WeatherApp" */ = {
			isa = XCConfigurationList;
			buildConfigurations = (
				5EE2464428575CB1001ACB21 /* Debug */,
				5EE2464528575CB1001ACB21 /* Release */,
			);
			defaultConfigurationIsVisible = 0;
			defaultConfigurationName = Release;
		};
		5EE2464628575CB1001ACB21 /* Build configuration list for PBXNativeTarget "WeatherApp" */ = {
			isa = XCConfigurationList;
			buildConfigurations = (
				5EE2464728575CB1001ACB21 /* Debug */,
				5EE2464828575CB1001ACB21 /* Release */,
			);
			defaultConfigurationIsVisible = 0;
			defaultConfigurationName = Release;
		};
/* End XCConfigurationList section */
	};
	rootObject = 5EE2462A28575CAF001ACB21 /* Project object */;
}
